
Microsoft Visual Studio Solution File, Format Version 11.00
# Visual Studio 2010
Project("{8BC9CEB8-8B4A-11D0-8D11-00A0C91BC942}") = "game_2021_3_31", "game_2021_3_31\game_2021_3_31.vcxproj", "{6AEF6051-B3C7-4481-81F4-CC904F52A0F1}"
EndProject
Global
	GlobalSection(SolutionConfigurationPlatforms) = preSolution
		Debug|Win32 = Debug|Win32
		Release|Win32 = Release|Win32
	EndGlobalSection
	GlobalSection(ProjectConfigurationPlatforms) = postSolution
		{6AEF6051-B3C7-4481-81F4-CC904F52A0F1}.Debug|Win32.ActiveCfg = Debug|Win32
		{6AEF6051-B3C7-4481-81F4-CC904F52A0F1}.Debug|Win32.Build.0 = Debug|Win32
		{6AEF6051-B3C7-4481-81F4-CC904F52A0F1}.Release|Win32.ActiveCfg = Release|Win32
		{6AEF6051-B3C7-4481-81F4-CC904F52A0F1}.Release|Win32.Build.0 = Release|Win32
	EndGlobalSection
	GlobalSection(SolutionProperties) = preSolution
		HideSolutionNode = FALSE
	EndGlobalSection
EndGlobal
